
Microsoft Visual Studio Solution File, Format Version 12.00
# Visual Studio Version 17
VisualStudioVersion = 17.5.33209.295
MinimumVisualStudioVersion = 10.0.40219.1
Project("{9A19103F-16F7-4668-BE54-9A1E7A4F7556}") = "AdventOfCode2022", "AdventOfCode2022\AdventOfCode2022.csproj", "{FCD0DFB5-19BA-4729-8572-79D98FF2120C}"
EndProject
Global
	GlobalSection(SolutionConfigurationPlatforms) = preSolution
		Debug|Any CPU = Debug|Any CPU
		Debug|x64 = Debug|x64
		Release|Any CPU = Release|Any CPU
		Release|x64 = Release|x64
	EndGlobalSection
	GlobalSection(ProjectConfigurationPlatforms) = postSolution
		{FCD0DFB5-19BA-4729-8572-79D98FF2120C}.Debug|Any CPU.ActiveCfg = Debug|Any CPU
		{FCD0DFB5-19BA-4729-8572-79D98FF2120C}.Debug|Any CPU.Build.0 = Debug|Any CPU
		{FCD0DFB5-19BA-4729-8572-79D98FF2120C}.Debug|x64.ActiveCfg = Debug|x64
		{FCD0DFB5-19BA-4729-8572-79D98FF2120C}.Debug|x64.Build.0 = Debug|x64
		{FCD0DFB5-19BA-4729-8572-79D98FF2120C}.Release|Any CPU.ActiveCfg = Release|Any CPU
		{FCD0DFB5-19BA-4729-8572-79D98FF2120C}.Release|Any CPU.Build.0 = Release|Any CPU
		{FCD0DFB5-19BA-4729-8572-79D98FF2120C}.Release|x64.ActiveCfg = Release|x64
		{FCD0DFB5-19BA-4729-8572-79D98FF2120C}.Release|x64.Build.0 = Release|x64
	EndGlobalSection
	GlobalSection(SolutionProperties) = preSolution
		HideSolutionNode = FALSE
	EndGlobalSection
	GlobalSection(ExtensibilityGlobals) = postSolution
		SolutionGuid = {375D4391-171A-49C1-AAA6-ADAA3EA22C51}
	EndGlobalSection
EndGlobal
